
Microsoft Visual Studio Solution File, Format Version 12.00
# Visual Studio Version 17
VisualStudioVersion = 17.5.33502.453
MinimumVisualStudioVersion = 10.0.40219.1
Project("{FAE04EC0-301F-11D3-BF4B-00C04F79EFBC}") = "SistemaDeTarefas", "SistemaDeTarefas\SistemaDeTarefas.csproj", "{593ADA98-14B7-4CD0-8C5D-4F807F7C86C6}"
EndProject
Global
	GlobalSection(SolutionConfigurationPlatforms) = preSolution
		Debug|Any CPU = Debug|Any CPU
		Release|Any CPU = Release|Any CPU
	EndGlobalSection
	GlobalSection(ProjectConfigurationPlatforms) = postSolution
		{593ADA98-14B7-4CD0-8C5D-4F807F7C86C6}.Debug|Any CPU.ActiveCfg = Debug|Any CPU
		{593ADA98-14B7-4CD0-8C5D-4F807F7C86C6}.Debug|Any CPU.Build.0 = Debug|Any CPU
		{593ADA98-14B7-4CD0-8C5D-4F807F7C86C6}.Release|Any CPU.ActiveCfg = Release|Any CPU
		{593ADA98-14B7-4CD0-8C5D-4F807F7C86C6}.Release|Any CPU.Build.0 = Release|Any CPU
	EndGlobalSection
	GlobalSection(SolutionProperties) = preSolution
		HideSolutionNode = FALSE
	EndGlobalSection
	GlobalSection(ExtensibilityGlobals) = postSolution
		SolutionGuid = {BF4AFB64-08FA-48D7-9086-ED8F32BE9656}
	EndGlobalSection
EndGlobal
